
Microsoft Visual Studio Solution File, Format Version 12.00
# Visual Studio Version 16
VisualStudioVersion = 16.0.30523.141
MinimumVisualStudioVersion = 10.0.40219.1
Project("{FAE04EC0-301F-11D3-BF4B-00C04F79EFBC}") = "Diagnostics", "WpfApp1\Diagnostics.csproj", "{24AC9138-8162-4218-9FD7-F2F6BAF481E1}"
EndProject
Project("{FAE04EC0-301F-11D3-BF4B-00C04F79EFBC}") = "DiagnosticsTest", "DiagnosticsTest\DiagnosticsTest.csproj", "{6DFD3F25-F2C4-4E40-9E5B-4CB065047087}"
EndProject
Global
	GlobalSection(SolutionConfigurationPlatforms) = preSolution
		Debug|Any CPU = Debug|Any CPU
		Release|Any CPU = Release|Any CPU
	EndGlobalSection
	GlobalSection(ProjectConfigurationPlatforms) = postSolution
		{24AC9138-8162-4218-9FD7-F2F6BAF481E1}.Debug|Any CPU.ActiveCfg = Debug|Any CPU
		{24AC9138-8162-4218-9FD7-F2F6BAF481E1}.Debug|Any CPU.Build.0 = Debug|Any CPU
		{24AC9138-8162-4218-9FD7-F2F6BAF481E1}.Release|Any CPU.ActiveCfg = Release|Any CPU
		{24AC9138-8162-4218-9FD7-F2F6BAF481E1}.Release|Any CPU.Build.0 = Release|Any CPU
		{6DFD3F25-F2C4-4E40-9E5B-4CB065047087}.Debug|Any CPU.ActiveCfg = Debug|Any CPU
		{6DFD3F25-F2C4-4E40-9E5B-4CB065047087}.Debug|Any CPU.Build.0 = Debug|Any CPU
		{6DFD3F25-F2C4-4E40-9E5B-4CB065047087}.Release|Any CPU.ActiveCfg = Release|Any CPU
		{6DFD3F25-F2C4-4E40-9E5B-4CB065047087}.Release|Any CPU.Build.0 = Release|Any CPU
	EndGlobalSection
	GlobalSection(SolutionProperties) = preSolution
		HideSolutionNode = FALSE
	EndGlobalSection
	GlobalSection(ExtensibilityGlobals) = postSolution
		SolutionGuid = {6D2EAAC2-5C5D-4D3F-B4D6-44F1E4051F73}
	EndGlobalSection
EndGlobal
